// !$*UTF8*$!
{
	archiveVersion = 1;
	classes = {
	};
	objectVersion = 56;
	objects = {

/* Begin PBXBuildFile section */
		5202D7132A60F3CA00F6E4DF /* Level7.swift in Sources */ = {isa = PBXBuildFile; fileRef = 5202D7122A60F3CA00F6E4DF /* Level7.swift */; };
		5202D7162A6131E900F6E4DF /* Level8.swift in Sources */ = {isa = PBXBuildFile; fileRef = 5202D7152A6131E900F6E4DF /* Level8.swift */; };
		5214C9A82A544B1700AD09A0 /* Level5.swift in Sources */ = {isa = PBXBuildFile; fileRef = 5214C9A72A544B1700AD09A0 /* Level5.swift */; };
		5219AB3C2A712CA2006E7FE8 /* Level11.swift in Sources */ = {isa = PBXBuildFile; fileRef = 5219AB3B2A712CA2006E7FE8 /* Level11.swift */; };
		5219AB3F2A724940006E7FE8 /* Level12.swift in Sources */ = {isa = PBXBuildFile; fileRef = 5219AB3E2A724940006E7FE8 /* Level12.swift */; };
		5229D2362A691A520045C48E /* Level9.swift in Sources */ = {isa = PBXBuildFile; fileRef = 5229D2352A691A520045C48E /* Level9.swift */; };
		5229D2392A6A58B60045C48E /* Level10.swift in Sources */ = {isa = PBXBuildFile; fileRef = 5229D2382A6A58B60045C48E /* Level10.swift */; };
		523F84412A7A56BE00BD5644 /* Level13.swift in Sources */ = {isa = PBXBuildFile; fileRef = 523F84402A7A56BE00BD5644 /* Level13.swift */; };
		523F84442A861AB000BD5644 /* Level14.swift in Sources */ = {isa = PBXBuildFile; fileRef = 523F84432A861AB000BD5644 /* Level14.swift */; };
		523F84472A8A02EC00BD5644 /* SortAlgorithm.swift in Sources */ = {isa = PBXBuildFile; fileRef = 523F84462A8A02EC00BD5644 /* SortAlgorithm.swift */; };
		523F844A2A8F674A00BD5644 /* Level15.swift in Sources */ = {isa = PBXBuildFile; fileRef = 523F84492A8F674A00BD5644 /* Level15.swift */; };
		523F844D2A9949AD00BD5644 /* Level16.swift in Sources */ = {isa = PBXBuildFile; fileRef = 523F844C2A9949AD00BD5644 /* Level16.swift */; };
		523F84502A9C88BD00BD5644 /* DFSBFS.swift in Sources */ = {isa = PBXBuildFile; fileRef = 523F844F2A9C88BD00BD5644 /* DFSBFS.swift */; };
		5275B52C2B83A1E500FAC920 /* main.swift in Sources */ = {isa = PBXBuildFile; fileRef = 5275B52B2B83A1E500FAC920 /* main.swift */; };
		52819EBD2AA5BA8E0006BD87 /* Recursion.swift in Sources */ = {isa = PBXBuildFile; fileRef = 52819EBC2AA5BA8E0006BD87 /* Recursion.swift */; };
		52819EE22AA9972F0006BD87 /* Backtracking.swift in Sources */ = {isa = PBXBuildFile; fileRef = 52819EE12AA9972F0006BD87 /* Backtracking.swift */; };
		52893C7E2AB9BEFE0027BAC3 /* DynamicProgramming.swift in Sources */ = {isa = PBXBuildFile; fileRef = 52893C7D2AB9BEFE0027BAC3 /* DynamicProgramming.swift */; };
		52893C852ABC91CE0027BAC3 /* Greedy.swift in Sources */ = {isa = PBXBuildFile; fileRef = 52893C842ABC91CE0027BAC3 /* Greedy.swift */; };
		52893C882AC14ADB0027BAC3 /* DivideAndConquer.swift in Sources */ = {isa = PBXBuildFile; fileRef = 52893C872AC14ADB0027BAC3 /* DivideAndConquer.swift */; };
		528DCD1A2AFFEEA400DD283A /* Silver4.swift in Sources */ = {isa = PBXBuildFile; fileRef = 528DCD192AFFEEA400DD283A /* Silver4.swift */; };
		52968BBF2B406A8200D20342 /* Implementation.swift in Sources */ = {isa = PBXBuildFile; fileRef = 52968BBE2B406A8200D20342 /* Implementation.swift */; };
		52D0755C2A52A71F00B5C692 /* Level4.swift in Sources */ = {isa = PBXBuildFile; fileRef = 52D0755B2A52A71F00B5C692 /* Level4.swift */; };
		52D140532A5EA568006DCFA0 /* Level6.swift in Sources */ = {isa = PBXBuildFile; fileRef = 52D140522A5EA568006DCFA0 /* Level6.swift */; };
		52E873DC2AE032CE00662723 /* PriorityQueue.swift in Sources */ = {isa = PBXBuildFile; fileRef = 52E873DB2AE032CE00662723 /* PriorityQueue.swift */; };
/* End PBXBuildFile section */

/* Begin PBXCopyFilesBuildPhase section */
		52D075562A52A71F00B5C692 /* CopyFiles */ = {
			isa = PBXCopyFilesBuildPhase;
			buildActionMask = 2147483647;
			dstPath = /usr/share/man/man1/;
			dstSubfolderSpec = 0;
			files = (
			);
			runOnlyForDeploymentPostprocessing = 1;
		};
/* End PBXCopyFilesBuildPhase section */

/* Begin PBXFileReference section */
		5202D7122A60F3CA00F6E4DF /* Level7.swift */ = {isa = PBXFileReference; lastKnownFileType = sourcecode.swift; path = Level7.swift; sourceTree = "<group>"; };
		5202D7152A6131E900F6E4DF /* Level8.swift */ = {isa = PBXFileReference; lastKnownFileType = sourcecode.swift; path = Level8.swift; sourceTree = "<group>"; };
		5214C9A72A544B1700AD09A0 /* Level5.swift */ = {isa = PBXFileReference; lastKnownFileType = sourcecode.swift; path = Level5.swift; sourceTree = "<group>"; };
		5219AB3B2A712CA2006E7FE8 /* Level11.swift */ = {isa = PBXFileReference; lastKnownFileType = sourcecode.swift; path = Level11.swift; sourceTree = "<group>"; };
		5219AB3E2A724940006E7FE8 /* Level12.swift */ = {isa = PBXFileReference; lastKnownFileType = sourcecode.swift; path = Level12.swift; sourceTree = "<group>"; };
		5229D2352A691A520045C48E /* Level9.swift */ = {isa = PBXFileReference; lastKnownFileType = sourcecode.swift; path = Level9.swift; sourceTree = "<group>"; };
		5229D2382A6A58B60045C48E /* Level10.swift */ = {isa = PBXFileReference; lastKnownFileType = sourcecode.swift; path = Level10.swift; sourceTree = "<group>"; };
		523F84402A7A56BE00BD5644 /* Level13.swift */ = {isa = PBXFileReference; lastKnownFileType = sourcecode.swift; path = Level13.swift; sourceTree = "<group>"; };
		523F84432A861AB000BD5644 /* Level14.swift */ = {isa = PBXFileReference; lastKnownFileType = sourcecode.swift; path = Level14.swift; sourceTree = "<group>"; };
		523F84462A8A02EC00BD5644 /* SortAlgorithm.swift */ = {isa = PBXFileReference; lastKnownFileType = sourcecode.swift; path = SortAlgorithm.swift; sourceTree = "<group>"; };
		523F84492A8F674A00BD5644 /* Level15.swift */ = {isa = PBXFileReference; lastKnownFileType = sourcecode.swift; path = Level15.swift; sourceTree = "<group>"; };
		523F844C2A9949AD00BD5644 /* Level16.swift */ = {isa = PBXFileReference; lastKnownFileType = sourcecode.swift; path = Level16.swift; sourceTree = "<group>"; };
		523F844F2A9C88BD00BD5644 /* DFSBFS.swift */ = {isa = PBXFileReference; lastKnownFileType = sourcecode.swift; path = DFSBFS.swift; sourceTree = "<group>"; };
		5275B52B2B83A1E500FAC920 /* main.swift */ = {isa = PBXFileReference; lastKnownFileType = sourcecode.swift; path = main.swift; sourceTree = "<group>"; };
		52819EBC2AA5BA8E0006BD87 /* Recursion.swift */ = {isa = PBXFileReference; lastKnownFileType = sourcecode.swift; path = Recursion.swift; sourceTree = "<group>"; };
		52819EE12AA9972F0006BD87 /* Backtracking.swift */ = {isa = PBXFileReference; lastKnownFileType = sourcecode.swift; path = Backtracking.swift; sourceTree = "<group>"; };
		52893C7D2AB9BEFE0027BAC3 /* DynamicProgramming.swift */ = {isa = PBXFileReference; lastKnownFileType = sourcecode.swift; path = DynamicProgramming.swift; sourceTree = "<group>"; };
		52893C842ABC91CE0027BAC3 /* Greedy.swift */ = {isa = PBXFileReference; lastKnownFileType = sourcecode.swift; path = Greedy.swift; sourceTree = "<group>"; };
		52893C872AC14ADB0027BAC3 /* DivideAndConquer.swift */ = {isa = PBXFileReference; lastKnownFileType = sourcecode.swift; path = DivideAndConquer.swift; sourceTree = "<group>"; };
		528DCD192AFFEEA400DD283A /* Silver4.swift */ = {isa = PBXFileReference; lastKnownFileType = sourcecode.swift; path = Silver4.swift; sourceTree = "<group>"; };
		52968BBE2B406A8200D20342 /* Implementation.swift */ = {isa = PBXFileReference; lastKnownFileType = sourcecode.swift; path = Implementation.swift; sourceTree = "<group>"; };
		52D075582A52A71F00B5C692 /* Baekjoon */ = {isa = PBXFileReference; explicitFileType = "compiled.mach-o.executable"; includeInIndex = 0; path = Baekjoon; sourceTree = BUILT_PRODUCTS_DIR; };
		52D0755B2A52A71F00B5C692 /* Level4.swift */ = {isa = PBXFileReference; lastKnownFileType = sourcecode.swift; path = Level4.swift; sourceTree = "<group>"; };
		52D140522A5EA568006DCFA0 /* Level6.swift */ = {isa = PBXFileReference; lastKnownFileType = sourcecode.swift; path = Level6.swift; sourceTree = "<group>"; };
		52E873DB2AE032CE00662723 /* PriorityQueue.swift */ = {isa = PBXFileReference; lastKnownFileType = sourcecode.swift; path = PriorityQueue.swift; sourceTree = "<group>"; };
/* End PBXFileReference section */

/* Begin PBXFrameworksBuildPhase section */
		52D075552A52A71F00B5C692 /* Frameworks */ = {
			isa = PBXFrameworksBuildPhase;
			buildActionMask = 2147483647;
			files = (
			);
			runOnlyForDeploymentPostprocessing = 0;
		};
/* End PBXFrameworksBuildPhase section */

/* Begin PBXGroup section */
		5202D7112A60F3AB00F6E4DF /* Level7 */ = {
			isa = PBXGroup;
			children = (
				5202D7122A60F3CA00F6E4DF /* Level7.swift */,
			);
			path = Level7;
			sourceTree = "<group>";
		};
		5202D7142A6131CB00F6E4DF /* Level8 */ = {
			isa = PBXGroup;
			children = (
				5202D7152A6131E900F6E4DF /* Level8.swift */,
			);
			path = Level8;
			sourceTree = "<group>";
		};
		5219AB3A2A712C94006E7FE8 /* Level11 */ = {
			isa = PBXGroup;
			children = (
				5219AB3B2A712CA2006E7FE8 /* Level11.swift */,
			);
			path = Level11;
			sourceTree = "<group>";
		};
		5219AB3D2A724936006E7FE8 /* Level12 */ = {
			isa = PBXGroup;
			children = (
				5219AB3E2A724940006E7FE8 /* Level12.swift */,
			);
			path = Level12;
			sourceTree = "<group>";
		};
		5229D2342A691A480045C48E /* Level9 */ = {
			isa = PBXGroup;
			children = (
				5229D2352A691A520045C48E /* Level9.swift */,
			);
			path = Level9;
			sourceTree = "<group>";
		};
		5229D2372A6A58AC0045C48E /* Level10 */ = {
			isa = PBXGroup;
			children = (
				5229D2382A6A58B60045C48E /* Level10.swift */,
			);
			path = Level10;
			sourceTree = "<group>";
		};
		523F843F2A7A56B200BD5644 /* Level13 */ = {
			isa = PBXGroup;
			children = (
				523F84402A7A56BE00BD5644 /* Level13.swift */,
			);
			path = Level13;
			sourceTree = "<group>";
		};
		523F84422A861AA300BD5644 /* Level14 */ = {
			isa = PBXGroup;
			children = (
				523F84432A861AB000BD5644 /* Level14.swift */,
			);
			path = Level14;
			sourceTree = "<group>";
		};
		523F84452A8A02DA00BD5644 /* SortAlgorithm */ = {
			isa = PBXGroup;
			children = (
				523F84462A8A02EC00BD5644 /* SortAlgorithm.swift */,
			);
			path = SortAlgorithm;
			sourceTree = "<group>";
		};
		523F84482A8F673F00BD5644 /* Level15 */ = {
			isa = PBXGroup;
			children = (
				523F84492A8F674A00BD5644 /* Level15.swift */,
			);
			path = Level15;
			sourceTree = "<group>";
		};
		523F844B2A9949A100BD5644 /* Level16 */ = {
			isa = PBXGroup;
			children = (
				523F844C2A9949AD00BD5644 /* Level16.swift */,
			);
			path = Level16;
			sourceTree = "<group>";
		};
		523F844E2A9C884B00BD5644 /* DFSBFS */ = {
			isa = PBXGroup;
			children = (
				523F844F2A9C88BD00BD5644 /* DFSBFS.swift */,
			);
			path = DFSBFS;
			sourceTree = "<group>";
		};
		5275B52A2B83A1CF00FAC920 /* Silver1 */ = {
			isa = PBXGroup;
			children = (
				5275B52B2B83A1E500FAC920 /* main.swift */,
			);
			path = Silver1;
			sourceTree = "<group>";
		};
		52819EBB2AA5BA740006BD87 /* Recursion */ = {
			isa = PBXGroup;
			children = (
				52819EBC2AA5BA8E0006BD87 /* Recursion.swift */,
			);
			path = Recursion;
			sourceTree = "<group>";
		};
		52819EE02AA997230006BD87 /* Backtracking */ = {
			isa = PBXGroup;
			children = (
				52819EE12AA9972F0006BD87 /* Backtracking.swift */,
			);
			path = Backtracking;
			sourceTree = "<group>";
		};
		52893C7C2AB9BED90027BAC3 /* DynamicProgramming */ = {
			isa = PBXGroup;
			children = (
				52893C7D2AB9BEFE0027BAC3 /* DynamicProgramming.swift */,
			);
			path = DynamicProgramming;
			sourceTree = "<group>";
		};
		52893C832ABC91BE0027BAC3 /* Greedy */ = {
			isa = PBXGroup;
			children = (
				52893C842ABC91CE0027BAC3 /* Greedy.swift */,
			);
			path = Greedy;
			sourceTree = "<group>";
		};
		52893C862AC14AC50027BAC3 /* DivideAndConquer */ = {
			isa = PBXGroup;
			children = (
				52893C872AC14ADB0027BAC3 /* DivideAndConquer.swift */,
			);
			path = DivideAndConquer;
			sourceTree = "<group>";
		};
		528DCD182AFFEE9700DD283A /* Silver4 */ = {
			isa = PBXGroup;
			children = (
				528DCD192AFFEEA400DD283A /* Silver4.swift */,
			);
			path = Silver4;
			sourceTree = "<group>";
		};
		52968BBD2B406A5B00D20342 /* Implementation */ = {
			isa = PBXGroup;
			children = (
				52968BBE2B406A8200D20342 /* Implementation.swift */,
			);
			path = Implementation;
			sourceTree = "<group>";
		};
		52D0754F2A52A71F00B5C692 = {
			isa = PBXGroup;
			children = (
				5275B52A2B83A1CF00FAC920 /* Silver1 */,
				52968BBD2B406A5B00D20342 /* Implementation */,
				528DCD182AFFEE9700DD283A /* Silver4 */,
				52E873DA2AE0329F00662723 /* PriorityQueue */,
				52893C862AC14AC50027BAC3 /* DivideAndConquer */,
				52893C832ABC91BE0027BAC3 /* Greedy */,
				52893C7C2AB9BED90027BAC3 /* DynamicProgramming */,
				52819EE02AA997230006BD87 /* Backtracking */,
				52819EBB2AA5BA740006BD87 /* Recursion */,
				523F844E2A9C884B00BD5644 /* DFSBFS */,
				523F844B2A9949A100BD5644 /* Level16 */,
				523F84482A8F673F00BD5644 /* Level15 */,
				523F84452A8A02DA00BD5644 /* SortAlgorithm */,
				523F84422A861AA300BD5644 /* Level14 */,
				523F843F2A7A56B200BD5644 /* Level13 */,
				5219AB3D2A724936006E7FE8 /* Level12 */,
				5219AB3A2A712C94006E7FE8 /* Level11 */,
				5229D2372A6A58AC0045C48E /* Level10 */,
				5229D2342A691A480045C48E /* Level9 */,
				5202D7142A6131CB00F6E4DF /* Level8 */,
				5202D7112A60F3AB00F6E4DF /* Level7 */,
				52D1404F2A5EA552006DCFA0 /* Level6 */,
				52D075682A544A6600B5C692 /* Level5 */,
				52D0755A2A52A71F00B5C692 /* Level4 */,
				52D075592A52A71F00B5C692 /* Products */,
			);
			sourceTree = "<group>";
		};
		52D075592A52A71F00B5C692 /* Products */ = {
			isa = PBXGroup;
			children = (
				52D075582A52A71F00B5C692 /* Baekjoon */,
			);
			name = Products;
			sourceTree = "<group>";
		};
		52D0755A2A52A71F00B5C692 /* Level4 */ = {
			isa = PBXGroup;
			children = (
				52D0755B2A52A71F00B5C692 /* Level4.swift */,
			);
			path = Level4;
			sourceTree = "<group>";
		};
		52D075682A544A6600B5C692 /* Level5 */ = {
			isa = PBXGroup;
			children = (
				5214C9A72A544B1700AD09A0 /* Level5.swift */,
			);
			path = Level5;
			sourceTree = "<group>";
		};
		52D1404F2A5EA552006DCFA0 /* Level6 */ = {
			isa = PBXGroup;
			children = (
				52D140522A5EA568006DCFA0 /* Level6.swift */,
			);
			path = Level6;
			sourceTree = "<group>";
		};
		52E873DA2AE0329F00662723 /* PriorityQueue */ = {
			isa = PBXGroup;
			children = (
				52E873DB2AE032CE00662723 /* PriorityQueue.swift */,
			);
			path = PriorityQueue;
			sourceTree = "<group>";
		};
/* End PBXGroup section */

/* Begin PBXNativeTarget section */
		52D075572A52A71F00B5C692 /* Baekjoon */ = {
			isa = PBXNativeTarget;
			buildConfigurationList = 52D0755F2A52A71F00B5C692 /* Build configuration list for PBXNativeTarget "Baekjoon" */;
			buildPhases = (
				52D075542A52A71F00B5C692 /* Sources */,
				52D075552A52A71F00B5C692 /* Frameworks */,
				52D075562A52A71F00B5C692 /* CopyFiles */,
			);
			buildRules = (
			);
			dependencies = (
			);
			name = Baekjoon;
			productName = CodingTest;
			productReference = 52D075582A52A71F00B5C692 /* Baekjoon */;
			productType = "com.apple.product-type.tool";
		};
/* End PBXNativeTarget section */

/* Begin PBXProject section */
		52D075502A52A71F00B5C692 /* Project object */ = {
			isa = PBXProject;
			attributes = {
				BuildIndependentTargetsInParallel = 1;
				LastSwiftUpdateCheck = 1400;
				LastUpgradeCheck = 1400;
				TargetAttributes = {
					52D075572A52A71F00B5C692 = {
						CreatedOnToolsVersion = 14.0.1;
					};
				};
			};
			buildConfigurationList = 52D075532A52A71F00B5C692 /* Build configuration list for PBXProject "Baekjoon" */;
			compatibilityVersion = "Xcode 14.0";
			developmentRegion = en;
			hasScannedForEncodings = 0;
			knownRegions = (
				en,
				Base,
			);
			mainGroup = 52D0754F2A52A71F00B5C692;
			productRefGroup = 52D075592A52A71F00B5C692 /* Products */;
			projectDirPath = "";
			projectRoot = "";
			targets = (
				52D075572A52A71F00B5C692 /* Baekjoon */,
			);
		};
/* End PBXProject section */

/* Begin PBXSourcesBuildPhase section */
		52D075542A52A71F00B5C692 /* Sources */ = {
			isa = PBXSourcesBuildPhase;
			buildActionMask = 2147483647;
			files = (
				5214C9A82A544B1700AD09A0 /* Level5.swift in Sources */,
				523F844A2A8F674A00BD5644 /* Level15.swift in Sources */,
				5275B52C2B83A1E500FAC920 /* main.swift in Sources */,
				52968BBF2B406A8200D20342 /* Implementation.swift in Sources */,
				52893C7E2AB9BEFE0027BAC3 /* DynamicProgramming.swift in Sources */,
				52819EE22AA9972F0006BD87 /* Backtracking.swift in Sources */,
				5229D2392A6A58B60045C48E /* Level10.swift in Sources */,
				523F84472A8A02EC00BD5644 /* SortAlgorithm.swift in Sources */,
				52893C882AC14ADB0027BAC3 /* DivideAndConquer.swift in Sources */,
				52819EBD2AA5BA8E0006BD87 /* Recursion.swift in Sources */,
				52E873DC2AE032CE00662723 /* PriorityQueue.swift in Sources */,
				5219AB3F2A724940006E7FE8 /* Level12.swift in Sources */,
				5219AB3C2A712CA2006E7FE8 /* Level11.swift in Sources */,
				5202D7162A6131E900F6E4DF /* Level8.swift in Sources */,
				5229D2362A691A520045C48E /* Level9.swift in Sources */,
				523F844D2A9949AD00BD5644 /* Level16.swift in Sources */,
				523F84412A7A56BE00BD5644 /* Level13.swift in Sources */,
				523F84442A861AB000BD5644 /* Level14.swift in Sources */,
				523F84502A9C88BD00BD5644 /* DFSBFS.swift in Sources */,
				52893C852ABC91CE0027BAC3 /* Greedy.swift in Sources */,
				528DCD1A2AFFEEA400DD283A /* Silver4.swift in Sources */,
				52D0755C2A52A71F00B5C692 /* Level4.swift in Sources */,
				5202D7132A60F3CA00F6E4DF /* Level7.swift in Sources */,
				52D140532A5EA568006DCFA0 /* Level6.swift in Sources */,
			);
			runOnlyForDeploymentPostprocessing = 0;
		};
/* End PBXSourcesBuildPhase section */

/* Begin XCBuildConfiguration section */
		52D0755D2A52A71F00B5C692 /* Debug */ = {
			isa = XCBuildConfiguration;
			buildSettings = {
				ALWAYS_SEARCH_USER_PATHS = NO;
				CLANG_ANALYZER_NONNULL = YES;
				CLANG_ANALYZER_NUMBER_OBJECT_CONVERSION = YES_AGGRESSIVE;
				CLANG_CXX_LANGUAGE_STANDARD = "gnu++20";
				CLANG_ENABLE_MODULES = YES;
				CLANG_ENABLE_OBJC_ARC = YES;
				CLANG_ENABLE_OBJC_WEAK = YES;
				CLANG_WARN_BLOCK_CAPTURE_AUTORELEASING = YES;
				CLANG_WARN_BOOL_CONVERSION = YES;
				CLANG_WARN_COMMA = YES;
				CLANG_WARN_CONSTANT_CONVERSION = YES;
				CLANG_WARN_DEPRECATED_OBJC_IMPLEMENTATIONS = YES;
				CLANG_WARN_DIRECT_OBJC_ISA_USAGE = YES_ERROR;
				CLANG_WARN_DOCUMENTATION_COMMENTS = YES;
				CLANG_WARN_EMPTY_BODY = YES;
				CLANG_WARN_ENUM_CONVERSION = YES;
				CLANG_WARN_INFINITE_RECURSION = YES;
				CLANG_WARN_INT_CONVERSION = YES;
				CLANG_WARN_NON_LITERAL_NULL_CONVERSION = YES;
				CLANG_WARN_OBJC_IMPLICIT_RETAIN_SELF = YES;
				CLANG_WARN_OBJC_LITERAL_CONVERSION = YES;
				CLANG_WARN_OBJC_ROOT_CLASS = YES_ERROR;
				CLANG_WARN_QUOTED_INCLUDE_IN_FRAMEWORK_HEADER = YES;
				CLANG_WARN_RANGE_LOOP_ANALYSIS = YES;
				CLANG_WARN_STRICT_PROTOTYPES = YES;
				CLANG_WARN_SUSPICIOUS_MOVE = YES;
				CLANG_WARN_UNGUARDED_AVAILABILITY = YES_AGGRESSIVE;
				CLANG_WARN_UNREACHABLE_CODE = YES;
				CLANG_WARN__DUPLICATE_METHOD_MATCH = YES;
				COPY_PHASE_STRIP = NO;
				DEBUG_INFORMATION_FORMAT = dwarf;
				ENABLE_STRICT_OBJC_MSGSEND = YES;
				ENABLE_TESTABILITY = YES;
				GCC_C_LANGUAGE_STANDARD = gnu11;
				GCC_DYNAMIC_NO_PIC = NO;
				GCC_NO_COMMON_BLOCKS = YES;
				GCC_OPTIMIZATION_LEVEL = 0;
				GCC_PREPROCESSOR_DEFINITIONS = (
					"DEBUG=1",
					"$(inherited)",
				);
				GCC_WARN_64_TO_32_BIT_CONVERSION = YES;
				GCC_WARN_ABOUT_RETURN_TYPE = YES_ERROR;
				GCC_WARN_UNDECLARED_SELECTOR = YES;
				GCC_WARN_UNINITIALIZED_AUTOS = YES_AGGRESSIVE;
				GCC_WARN_UNUSED_FUNCTION = YES;
				GCC_WARN_UNUSED_VARIABLE = YES;
				MACOSX_DEPLOYMENT_TARGET = 12.3;
				MTL_ENABLE_DEBUG_INFO = INCLUDE_SOURCE;
				MTL_FAST_MATH = YES;
				ONLY_ACTIVE_ARCH = YES;
				SDKROOT = macosx;
				SWIFT_ACTIVE_COMPILATION_CONDITIONS = DEBUG;
				SWIFT_OPTIMIZATION_LEVEL = "-Onone";
			};
			name = Debug;
		};
		52D0755E2A52A71F00B5C692 /* Release */ = {
			isa = XCBuildConfiguration;
			buildSettings = {
				ALWAYS_SEARCH_USER_PATHS = NO;
				CLANG_ANALYZER_NONNULL = YES;
				CLANG_ANALYZER_NUMBER_OBJECT_CONVERSION = YES_AGGRESSIVE;
				CLANG_CXX_LANGUAGE_STANDARD = "gnu++20";
				CLANG_ENABLE_MODULES = YES;
				CLANG_ENABLE_OBJC_ARC = YES;
				CLANG_ENABLE_OBJC_WEAK = YES;
				CLANG_WARN_BLOCK_CAPTURE_AUTORELEASING = YES;
				CLANG_WARN_BOOL_CONVERSION = YES;
				CLANG_WARN_COMMA = YES;
				CLANG_WARN_CONSTANT_CONVERSION = YES;
				CLANG_WARN_DEPRECATED_OBJC_IMPLEMENTATIONS = YES;
				CLANG_WARN_DIRECT_OBJC_ISA_USAGE = YES_ERROR;
				CLANG_WARN_DOCUMENTATION_COMMENTS = YES;
				CLANG_WARN_EMPTY_BODY = YES;
				CLANG_WARN_ENUM_CONVERSION = YES;
				CLANG_WARN_INFINITE_RECURSION = YES;
				CLANG_WARN_INT_CONVERSION = YES;
				CLANG_WARN_NON_LITERAL_NULL_CONVERSION = YES;
				CLANG_WARN_OBJC_IMPLICIT_RETAIN_SELF = YES;
				CLANG_WARN_OBJC_LITERAL_CONVERSION = YES;
				CLANG_WARN_OBJC_ROOT_CLASS = YES_ERROR;
				CLANG_WARN_QUOTED_INCLUDE_IN_FRAMEWORK_HEADER = YES;
				CLANG_WARN_RANGE_LOOP_ANALYSIS = YES;
				CLANG_WARN_STRICT_PROTOTYPES = YES;
				CLANG_WARN_SUSPICIOUS_MOVE = YES;
				CLANG_WARN_UNGUARDED_AVAILABILITY = YES_AGGRESSIVE;
				CLANG_WARN_UNREACHABLE_CODE = YES;
				CLANG_WARN__DUPLICATE_METHOD_MATCH = YES;
				COPY_PHASE_STRIP = NO;
				DEBUG_INFORMATION_FORMAT = "dwarf-with-dsym";
				ENABLE_NS_ASSERTIONS = NO;
				ENABLE_STRICT_OBJC_MSGSEND = YES;
				GCC_C_LANGUAGE_STANDARD = gnu11;
				GCC_NO_COMMON_BLOCKS = YES;
				GCC_WARN_64_TO_32_BIT_CONVERSION = YES;
				GCC_WARN_ABOUT_RETURN_TYPE = YES_ERROR;
				GCC_WARN_UNDECLARED_SELECTOR = YES;
				GCC_WARN_UNINITIALIZED_AUTOS = YES_AGGRESSIVE;
				GCC_WARN_UNUSED_FUNCTION = YES;
				GCC_WARN_UNUSED_VARIABLE = YES;
				MACOSX_DEPLOYMENT_TARGET = 12.3;
				MTL_ENABLE_DEBUG_INFO = NO;
				MTL_FAST_MATH = YES;
				SDKROOT = macosx;
				SWIFT_COMPILATION_MODE = wholemodule;
				SWIFT_OPTIMIZATION_LEVEL = "-O";
			};
			name = Release;
		};
		52D075602A52A71F00B5C692 /* Debug */ = {
			isa = XCBuildConfiguration;
			buildSettings = {
				CODE_SIGN_STYLE = Automatic;
				DEVELOPMENT_TEAM = 7PQ6FMV22H;
				ENABLE_HARDENED_RUNTIME = YES;
				PRODUCT_NAME = "$(TARGET_NAME)";
				SWIFT_VERSION = 5.0;
			};
			name = Debug;
		};
		52D075612A52A71F00B5C692 /* Release */ = {
			isa = XCBuildConfiguration;
			buildSettings = {
				CODE_SIGN_STYLE = Automatic;
				DEVELOPMENT_TEAM = 7PQ6FMV22H;
				ENABLE_HARDENED_RUNTIME = YES;
				PRODUCT_NAME = "$(TARGET_NAME)";
				SWIFT_VERSION = 5.0;
			};
			name = Release;
		};
/* End XCBuildConfiguration section */

/* Begin XCConfigurationList section */
		52D075532A52A71F00B5C692 /* Build configuration list for PBXProject "Baekjoon" */ = {
			isa = XCConfigurationList;
			buildConfigurations = (
				52D0755D2A52A71F00B5C692 /* Debug */,
				52D0755E2A52A71F00B5C692 /* Release */,
			);
			defaultConfigurationIsVisible = 0;
			defaultConfigurationName = Release;
		};
		52D0755F2A52A71F00B5C692 /* Build configuration list for PBXNativeTarget "Baekjoon" */ = {
			isa = XCConfigurationList;
			buildConfigurations = (
				52D075602A52A71F00B5C692 /* Debug */,
				52D075612A52A71F00B5C692 /* Release */,
			);
			defaultConfigurationIsVisible = 0;
			defaultConfigurationName = Release;
		};
/* End XCConfigurationList section */
	};
	rootObject = 52D075502A52A71F00B5C692 /* Project object */;
}
